
Microsoft Visual Studio Solution File, Format Version 12.00
# Visual Studio Version 17
VisualStudioVersion = 17.7.34003.232
MinimumVisualStudioVersion = 10.0.40219.1
Project("{FAE04EC0-301F-11D3-BF4B-00C04F79EFBC}") = "PROD-VS", "PROD-VS\PROD-VS.csproj", "{F3440D5E-08CC-472F-A7DC-33C13EF519DA}"
EndProject
Global
	GlobalSection(SolutionConfigurationPlatforms) = preSolution
		Debug|Any CPU = Debug|Any CPU
		Release|Any CPU = Release|Any CPU
	EndGlobalSection
	GlobalSection(ProjectConfigurationPlatforms) = postSolution
		{F3440D5E-08CC-472F-A7DC-33C13EF519DA}.Debug|Any CPU.ActiveCfg = Debug|Any CPU
		{F3440D5E-08CC-472F-A7DC-33C13EF519DA}.Debug|Any CPU.Build.0 = Debug|Any CPU
		{F3440D5E-08CC-472F-A7DC-33C13EF519DA}.Release|Any CPU.ActiveCfg = Release|Any CPU
		{F3440D5E-08CC-472F-A7DC-33C13EF519DA}.Release|Any CPU.Build.0 = Release|Any CPU
	EndGlobalSection
	GlobalSection(SolutionProperties) = preSolution
		HideSolutionNode = FALSE
	EndGlobalSection
	GlobalSection(ExtensibilityGlobals) = postSolution
		SolutionGuid = {442B569F-7A19-4B27-8520-EE57862E5CA2}
	EndGlobalSection
EndGlobal
